
Microsoft Visual Studio Solution File, Format Version 12.00
# Visual Studio Version 17
VisualStudioVersion = 17.14.36429.23 d17.14
MinimumVisualStudioVersion = 10.0.40219.1
Project("{FAE04EC0-301F-11D3-BF4B-00C04F79EFBC}") = "SignUpForm", "SignUpForm\SignUpForm.csproj", "{A99DD518-64C8-4841-B485-0BC3CD331836}"
EndProject
Global
	GlobalSection(SolutionConfigurationPlatforms) = preSolution
		Debug|Any CPU = Debug|Any CPU
		Release|Any CPU = Release|Any CPU
	EndGlobalSection
	GlobalSection(ProjectConfigurationPlatforms) = postSolution
		{A99DD518-64C8-4841-B485-0BC3CD331836}.Debug|Any CPU.ActiveCfg = Debug|Any CPU
		{A99DD518-64C8-4841-B485-0BC3CD331836}.Debug|Any CPU.Build.0 = Debug|Any CPU
		{A99DD518-64C8-4841-B485-0BC3CD331836}.Release|Any CPU.ActiveCfg = Release|Any CPU
		{A99DD518-64C8-4841-B485-0BC3CD331836}.Release|Any CPU.Build.0 = Release|Any CPU
	EndGlobalSection
	GlobalSection(SolutionProperties) = preSolution
		HideSolutionNode = FALSE
	EndGlobalSection
	GlobalSection(ExtensibilityGlobals) = postSolution
		SolutionGuid = {13B5A37A-3DCD-459D-9D60-30DBAE20AF90}
	EndGlobalSection
EndGlobal
